# THIS IS AN AUTOGENERATED FILE. DO NOT EDIT THIS FILE DIRECTLY.
# yarn lockfile v1


"@rails/ujs@^6.1.4-1":
  version "6.1.4-1"
  resolved "https://registry.yarnpkg.com/@rails/ujs/-/ujs-6.1.4-1.tgz#37507fe288a1c7c3a593602aa4dea42e5cb5797f"
  integrity sha512-Fewm2wHk1n6Kf4E86dzzHDJOFg4EWcSHH3FsMEGs59bTdmf7099mjkOssOQtBqju4R39iaAOQNui7r8P+Q5Dgg==
